
Microsoft Visual Studio Solution File, Format Version 12.00
# Visual Studio Version 16
VisualStudioVersion = 16.0.29509.3
MinimumVisualStudioVersion = 10.0.40219.1
Project("{FAE04EC0-301F-11D3-BF4B-00C04F79EFBC}") = "aspnetcore-service", "aspnetcore-service.csproj", "{04365B96-41B2-40C8-8365-C31C53E91561}"
EndProject
Global
	GlobalSection(SolutionConfigurationPlatforms) = preSolution
		Debug|Any CPU = Debug|Any CPU
		Release|Any CPU = Release|Any CPU
	EndGlobalSection
	GlobalSection(ProjectConfigurationPlatforms) = postSolution
		{04365B96-41B2-40C8-8365-C31C53E91561}.Debug|Any CPU.ActiveCfg = Debug|Any CPU
		{04365B96-41B2-40C8-8365-C31C53E91561}.Debug|Any CPU.Build.0 = Debug|Any CPU
		{04365B96-41B2-40C8-8365-C31C53E91561}.Release|Any CPU.ActiveCfg = Release|Any CPU
		{04365B96-41B2-40C8-8365-C31C53E91561}.Release|Any CPU.Build.0 = Release|Any CPU
	EndGlobalSection
	GlobalSection(SolutionProperties) = preSolution
		HideSolutionNode = FALSE
	EndGlobalSection
	GlobalSection(ExtensibilityGlobals) = postSolution
		SolutionGuid = {9D67DA75-3416-4EA4-B4A4-B8858D4BE6BE}
	EndGlobalSection
EndGlobal
